// !$*UTF8*$!
{
	archiveVersion = 1;
	classes = {
	};
	objectVersion = 56;
	objects = {

/* Begin PBXBuildFile section */
		A10000000000000000000001 /* LifeOSApp.swift in Sources */ = {isa = PBXBuildFile; fileRef = A20000000000000000000001 /* LifeOSApp.swift */; };
		A10000000000000000000002 /* HealthData.swift in Sources */ = {isa = PBXBuildFile; fileRef = A20000000000000000000002 /* HealthData.swift */; };
		A10000000000000000000003 /* FocusData.swift in Sources */ = {isa = PBXBuildFile; fileRef = A20000000000000000000003 /* FocusData.swift */; };
		A10000000000000000000004 /* CalendarEvent.swift in Sources */ = {isa = PBXBuildFile; fileRef = A20000000000000000000004 /* CalendarEvent.swift */; };
		A10000000000000000000005 /* JobApplication.swift in Sources */ = {isa = PBXBuildFile; fileRef = A20000000000000000000005 /* JobApplication.swift */; };
		A10000000000000000000006 /* ScheduleBlock.swift in Sources */ = {isa = PBXBuildFile; fileRef = A20000000000000000000006 /* ScheduleBlock.swift */; };
		A10000000000000000000007 /* Recommendation.swift in Sources */ = {isa = PBXBuildFile; fileRef = A20000000000000000000007 /* Recommendation.swift */; };
		A10000000000000000000008 /* DailyPlan.swift in Sources */ = {isa = PBXBuildFile; fileRef = A20000000000000000000008 /* DailyPlan.swift */; };
		A10000000000000000000009 /* MockHealthDataManager.swift in Sources */ = {isa = PBXBuildFile; fileRef = A20000000000000000000009 /* MockHealthDataManager.swift */; };
		A1000000000000000000000A /* MockFocusDataManager.swift in Sources */ = {isa = PBXBuildFile; fileRef = A2000000000000000000000A /* MockFocusDataManager.swift */; };
		A1000000000000000000000B /* MockCalendarManager.swift in Sources */ = {isa = PBXBuildFile; fileRef = A2000000000000000000000B /* MockCalendarManager.swift */; };
		A1000000000000000000000C /* JobApplicationStore.swift in Sources */ = {isa = PBXBuildFile; fileRef = A2000000000000000000000C /* JobApplicationStore.swift */; };
		A1000000000000000000000D /* DailyPlannerEngine.swift in Sources */ = {isa = PBXBuildFile; fileRef = A2000000000000000000000D /* DailyPlannerEngine.swift */; };
		A1000000000000000000000E /* DashboardViewModel.swift in Sources */ = {isa = PBXBuildFile; fileRef = A2000000000000000000000E /* DashboardViewModel.swift */; };
		A1000000000000000000000F /* RootTabView.swift in Sources */ = {isa = PBXBuildFile; fileRef = A2000000000000000000000F /* RootTabView.swift */; };
		A10000000000000000000010 /* DashboardView.swift in Sources */ = {isa = PBXBuildFile; fileRef = A20000000000000000000010 /* DashboardView.swift */; };
		A10000000000000000000011 /* FocusCoachView.swift in Sources */ = {isa = PBXBuildFile; fileRef = A20000000000000000000011 /* FocusCoachView.swift */; };
		A10000000000000000000012 /* EnergyInsightsView.swift in Sources */ = {isa = PBXBuildFile; fileRef = A20000000000000000000012 /* EnergyInsightsView.swift */; };
		A10000000000000000000013 /* JobSearchView.swift in Sources */ = {isa = PBXBuildFile; fileRef = A20000000000000000000013 /* JobSearchView.swift */; };
		A10000000000000000000014 /* SettingsView.swift in Sources */ = {isa = PBXBuildFile; fileRef = A20000000000000000000014 /* SettingsView.swift */; };
		A10000000000000000000015 /* DailyPlannerEngineTests.swift in Sources */ = {isa = PBXBuildFile; fileRef = A20000000000000000000016 /* DailyPlannerEngineTests.swift */; };
		A10000000000000000000016 /* JobApplicationRecord.swift in Sources */ = {isa = PBXBuildFile; fileRef = A20000000000000000000018 /* JobApplicationRecord.swift */; };
		A10000000000000000000017 /* AppleConnection.swift in Sources */ = {isa = PBXBuildFile; fileRef = A20000000000000000000019 /* AppleConnection.swift */; };
		A10000000000000000000018 /* ApplePermissionManager.swift in Sources */ = {isa = PBXBuildFile; fileRef = A2000000000000000000001A /* ApplePermissionManager.swift */; };
		A10000000000000000000019 /* AppleConnectionRow.swift in Sources */ = {isa = PBXBuildFile; fileRef = A2000000000000000000001B /* AppleConnectionRow.swift */; };
		A1000000000000000000001A /* OnboardingView.swift in Sources */ = {isa = PBXBuildFile; fileRef = A2000000000000000000001C /* OnboardingView.swift */; };
		A1000000000000000000001B /* ConnectionsView.swift in Sources */ = {isa = PBXBuildFile; fileRef = A2000000000000000000001D /* ConnectionsView.swift */; };
		A1000000000000000000001C /* HealthKitDataManager.swift in Sources */ = {isa = PBXBuildFile; fileRef = A2000000000000000000001F /* HealthKitDataManager.swift */; };
		A1000000000000000000001D /* EventKitCalendarManager.swift in Sources */ = {isa = PBXBuildFile; fileRef = A20000000000000000000020 /* EventKitCalendarManager.swift */; };
		A1000000000000000000001E /* NotificationScheduler.swift in Sources */ = {isa = PBXBuildFile; fileRef = A20000000000000000000021 /* NotificationScheduler.swift */; };
		A1000000000000000000001F /* WeeklyHealthSummary.swift in Sources */ = {isa = PBXBuildFile; fileRef = A20000000000000000000022 /* WeeklyHealthSummary.swift */; };
		A10000000000000000000020 /* ReminderPreferences.swift in Sources */ = {isa = PBXBuildFile; fileRef = A20000000000000000000023 /* ReminderPreferences.swift */; };
		A10000000000000000000021 /* BackgroundRefreshManager.swift in Sources */ = {isa = PBXBuildFile; fileRef = A20000000000000000000024 /* BackgroundRefreshManager.swift */; };
/* End PBXBuildFile section */

/* Begin PBXContainerItemProxy section */
		AA0000000000000000000001 /* PBXContainerItemProxy */ = {
			isa = PBXContainerItemProxy;
			containerPortal = A60000000000000000000001 /* Project object */;
			proxyType = 1;
			remoteGlobalIDString = A50000000000000000000001;
			remoteInfo = LifeOS;
		};
/* End PBXContainerItemProxy section */

/* Begin PBXFileReference section */
		A20000000000000000000001 /* LifeOSApp.swift */ = {isa = PBXFileReference; lastKnownFileType = sourcecode.swift; path = LifeOSApp.swift; sourceTree = "<group>"; };
		A20000000000000000000002 /* HealthData.swift */ = {isa = PBXFileReference; lastKnownFileType = sourcecode.swift; path = HealthData.swift; sourceTree = "<group>"; };
		A20000000000000000000003 /* FocusData.swift */ = {isa = PBXFileReference; lastKnownFileType = sourcecode.swift; path = FocusData.swift; sourceTree = "<group>"; };
		A20000000000000000000004 /* CalendarEvent.swift */ = {isa = PBXFileReference; lastKnownFileType = sourcecode.swift; path = CalendarEvent.swift; sourceTree = "<group>"; };
		A20000000000000000000005 /* JobApplication.swift */ = {isa = PBXFileReference; lastKnownFileType = sourcecode.swift; path = JobApplication.swift; sourceTree = "<group>"; };
		A20000000000000000000006 /* ScheduleBlock.swift */ = {isa = PBXFileReference; lastKnownFileType = sourcecode.swift; path = ScheduleBlock.swift; sourceTree = "<group>"; };
		A20000000000000000000007 /* Recommendation.swift */ = {isa = PBXFileReference; lastKnownFileType = sourcecode.swift; path = Recommendation.swift; sourceTree = "<group>"; };
		A20000000000000000000008 /* DailyPlan.swift */ = {isa = PBXFileReference; lastKnownFileType = sourcecode.swift; path = DailyPlan.swift; sourceTree = "<group>"; };
		A20000000000000000000009 /* MockHealthDataManager.swift */ = {isa = PBXFileReference; lastKnownFileType = sourcecode.swift; path = MockHealthDataManager.swift; sourceTree = "<group>"; };
		A2000000000000000000000A /* MockFocusDataManager.swift */ = {isa = PBXFileReference; lastKnownFileType = sourcecode.swift; path = MockFocusDataManager.swift; sourceTree = "<group>"; };
		A2000000000000000000000B /* MockCalendarManager.swift */ = {isa = PBXFileReference; lastKnownFileType = sourcecode.swift; path = MockCalendarManager.swift; sourceTree = "<group>"; };
		A2000000000000000000000C /* JobApplicationStore.swift */ = {isa = PBXFileReference; lastKnownFileType = sourcecode.swift; path = JobApplicationStore.swift; sourceTree = "<group>"; };
		A2000000000000000000000D /* DailyPlannerEngine.swift */ = {isa = PBXFileReference; lastKnownFileType = sourcecode.swift; path = DailyPlannerEngine.swift; sourceTree = "<group>"; };
		A2000000000000000000000E /* DashboardViewModel.swift */ = {isa = PBXFileReference; lastKnownFileType = sourcecode.swift; path = DashboardViewModel.swift; sourceTree = "<group>"; };
		A2000000000000000000000F /* RootTabView.swift */ = {isa = PBXFileReference; lastKnownFileType = sourcecode.swift; path = RootTabView.swift; sourceTree = "<group>"; };
		A20000000000000000000010 /* DashboardView.swift */ = {isa = PBXFileReference; lastKnownFileType = sourcecode.swift; path = DashboardView.swift; sourceTree = "<group>"; };
		A20000000000000000000011 /* FocusCoachView.swift */ = {isa = PBXFileReference; lastKnownFileType = sourcecode.swift; path = FocusCoachView.swift; sourceTree = "<group>"; };
		A20000000000000000000012 /* EnergyInsightsView.swift */ = {isa = PBXFileReference; lastKnownFileType = sourcecode.swift; path = EnergyInsightsView.swift; sourceTree = "<group>"; };
		A20000000000000000000013 /* JobSearchView.swift */ = {isa = PBXFileReference; lastKnownFileType = sourcecode.swift; path = JobSearchView.swift; sourceTree = "<group>"; };
		A20000000000000000000014 /* SettingsView.swift */ = {isa = PBXFileReference; lastKnownFileType = sourcecode.swift; path = SettingsView.swift; sourceTree = "<group>"; };
		A20000000000000000000015 /* LifeOS.app */ = {isa = PBXFileReference; explicitFileType = wrapper.application; includeInIndex = 0; path = LifeOS.app; sourceTree = BUILT_PRODUCTS_DIR; };
		A20000000000000000000016 /* DailyPlannerEngineTests.swift */ = {isa = PBXFileReference; lastKnownFileType = sourcecode.swift; path = DailyPlannerEngineTests.swift; sourceTree = "<group>"; };
		A20000000000000000000017 /* LifeOSTests.xctest */ = {isa = PBXFileReference; explicitFileType = wrapper.cfbundle; includeInIndex = 0; path = LifeOSTests.xctest; sourceTree = BUILT_PRODUCTS_DIR; };
		A20000000000000000000018 /* JobApplicationRecord.swift */ = {isa = PBXFileReference; lastKnownFileType = sourcecode.swift; path = JobApplicationRecord.swift; sourceTree = "<group>"; };
		A20000000000000000000019 /* AppleConnection.swift */ = {isa = PBXFileReference; lastKnownFileType = sourcecode.swift; path = AppleConnection.swift; sourceTree = "<group>"; };
		A2000000000000000000001A /* ApplePermissionManager.swift */ = {isa = PBXFileReference; lastKnownFileType = sourcecode.swift; path = ApplePermissionManager.swift; sourceTree = "<group>"; };
		A2000000000000000000001B /* AppleConnectionRow.swift */ = {isa = PBXFileReference; lastKnownFileType = sourcecode.swift; path = AppleConnectionRow.swift; sourceTree = "<group>"; };
		A2000000000000000000001C /* OnboardingView.swift */ = {isa = PBXFileReference; lastKnownFileType = sourcecode.swift; path = OnboardingView.swift; sourceTree = "<group>"; };
		A2000000000000000000001D /* ConnectionsView.swift */ = {isa = PBXFileReference; lastKnownFileType = sourcecode.swift; path = ConnectionsView.swift; sourceTree = "<group>"; };
		A2000000000000000000001E /* LifeOS.entitlements */ = {isa = PBXFileReference; lastKnownFileType = text.plist.entitlements; path = LifeOS.entitlements; sourceTree = "<group>"; };
		A2000000000000000000001F /* HealthKitDataManager.swift */ = {isa = PBXFileReference; lastKnownFileType = sourcecode.swift; path = HealthKitDataManager.swift; sourceTree = "<group>"; };
		A20000000000000000000020 /* EventKitCalendarManager.swift */ = {isa = PBXFileReference; lastKnownFileType = sourcecode.swift; path = EventKitCalendarManager.swift; sourceTree = "<group>"; };
		A20000000000000000000021 /* NotificationScheduler.swift */ = {isa = PBXFileReference; lastKnownFileType = sourcecode.swift; path = NotificationScheduler.swift; sourceTree = "<group>"; };
		A20000000000000000000022 /* WeeklyHealthSummary.swift */ = {isa = PBXFileReference; lastKnownFileType = sourcecode.swift; path = WeeklyHealthSummary.swift; sourceTree = "<group>"; };
		A20000000000000000000023 /* ReminderPreferences.swift */ = {isa = PBXFileReference; lastKnownFileType = sourcecode.swift; path = ReminderPreferences.swift; sourceTree = "<group>"; };
		A20000000000000000000024 /* BackgroundRefreshManager.swift */ = {isa = PBXFileReference; lastKnownFileType = sourcecode.swift; path = BackgroundRefreshManager.swift; sourceTree = "<group>"; };
		A20000000000000000000025 /* Info.plist */ = {isa = PBXFileReference; lastKnownFileType = text.plist.xml; path = Info.plist; sourceTree = "<group>"; };
/* End PBXFileReference section */

/* Begin PBXFrameworksBuildPhase section */
		A30000000000000000000001 /* Frameworks */ = {
			isa = PBXFrameworksBuildPhase;
			buildActionMask = 2147483647;
			files = (
			);
			runOnlyForDeploymentPostprocessing = 0;
		};
		A30000000000000000000002 /* Frameworks */ = {
			isa = PBXFrameworksBuildPhase;
			buildActionMask = 2147483647;
			files = (
			);
			runOnlyForDeploymentPostprocessing = 0;
		};
/* End PBXFrameworksBuildPhase section */

/* Begin PBXGroup section */
		A40000000000000000000001 = {
			isa = PBXGroup;
			children = (
				A40000000000000000000002 /* LifeOS */,
				A40000000000000000000009 /* LifeOSTests */,
				A40000000000000000000008 /* Products */,
			);
			sourceTree = "<group>";
		};
		A40000000000000000000002 /* LifeOS */ = {
			isa = PBXGroup;
			children = (
				A20000000000000000000001 /* LifeOSApp.swift */,
				A2000000000000000000001E /* LifeOS.entitlements */,
				A20000000000000000000025 /* Info.plist */,
				A40000000000000000000003 /* Models */,
				A40000000000000000000004 /* Managers */,
				A40000000000000000000005 /* Services */,
				A40000000000000000000006 /* ViewModels */,
				A40000000000000000000007 /* Views */,
			);
			path = LifeOS;
			sourceTree = "<group>";
		};
		A40000000000000000000003 /* Models */ = {
			isa = PBXGroup;
			children = (
				A20000000000000000000002 /* HealthData.swift */,
				A20000000000000000000003 /* FocusData.swift */,
				A20000000000000000000004 /* CalendarEvent.swift */,
				A20000000000000000000005 /* JobApplication.swift */,
				A20000000000000000000018 /* JobApplicationRecord.swift */,
				A20000000000000000000006 /* ScheduleBlock.swift */,
				A20000000000000000000007 /* Recommendation.swift */,
				A20000000000000000000008 /* DailyPlan.swift */,
				A20000000000000000000019 /* AppleConnection.swift */,
				A20000000000000000000022 /* WeeklyHealthSummary.swift */,
				A20000000000000000000023 /* ReminderPreferences.swift */,
			);
			path = Models;
			sourceTree = "<group>";
		};
		A40000000000000000000004 /* Managers */ = {
			isa = PBXGroup;
			children = (
				A20000000000000000000009 /* MockHealthDataManager.swift */,
				A2000000000000000000000A /* MockFocusDataManager.swift */,
				A2000000000000000000000B /* MockCalendarManager.swift */,
				A2000000000000000000000C /* JobApplicationStore.swift */,
				A2000000000000000000001A /* ApplePermissionManager.swift */,
				A2000000000000000000001F /* HealthKitDataManager.swift */,
				A20000000000000000000020 /* EventKitCalendarManager.swift */,
			);
			path = Managers;
			sourceTree = "<group>";
		};
		A40000000000000000000005 /* Services */ = {
			isa = PBXGroup;
			children = (
				A2000000000000000000000D /* DailyPlannerEngine.swift */,
				A20000000000000000000021 /* NotificationScheduler.swift */,
				A20000000000000000000024 /* BackgroundRefreshManager.swift */,
			);
			path = Services;
			sourceTree = "<group>";
		};
		A40000000000000000000006 /* ViewModels */ = {
			isa = PBXGroup;
			children = (
				A2000000000000000000000E /* DashboardViewModel.swift */,
			);
			path = ViewModels;
			sourceTree = "<group>";
		};
		A40000000000000000000007 /* Views */ = {
			isa = PBXGroup;
			children = (
				A2000000000000000000000F /* RootTabView.swift */,
				A20000000000000000000010 /* DashboardView.swift */,
				A20000000000000000000011 /* FocusCoachView.swift */,
				A20000000000000000000012 /* EnergyInsightsView.swift */,
				A20000000000000000000013 /* JobSearchView.swift */,
				A20000000000000000000014 /* SettingsView.swift */,
				A2000000000000000000001B /* AppleConnectionRow.swift */,
				A2000000000000000000001C /* OnboardingView.swift */,
				A2000000000000000000001D /* ConnectionsView.swift */,
			);
			path = Views;
			sourceTree = "<group>";
		};
		A40000000000000000000008 /* Products */ = {
			isa = PBXGroup;
			children = (
				A20000000000000000000015 /* LifeOS.app */,
				A20000000000000000000017 /* LifeOSTests.xctest */,
			);
			name = Products;
			sourceTree = "<group>";
		};
		A40000000000000000000009 /* LifeOSTests */ = {
			isa = PBXGroup;
			children = (
				A20000000000000000000016 /* DailyPlannerEngineTests.swift */,
			);
			path = LifeOSTests;
			sourceTree = "<group>";
		};
/* End PBXGroup section */

/* Begin PBXNativeTarget section */
		A50000000000000000000001 /* LifeOS */ = {
			isa = PBXNativeTarget;
			buildConfigurationList = A90000000000000000000002 /* Build configuration list for PBXNativeTarget "LifeOS" */;
			buildPhases = (
				A70000000000000000000001 /* Sources */,
				A30000000000000000000001 /* Frameworks */,
				A80000000000000000000001 /* Resources */,
			);
			buildRules = (
			);
			dependencies = (
			);
			name = LifeOS;
			productName = LifeOS;
			productReference = A20000000000000000000015 /* LifeOS.app */;
			productType = "com.apple.product-type.application";
		};
		A50000000000000000000002 /* LifeOSTests */ = {
			isa = PBXNativeTarget;
			buildConfigurationList = A90000000000000000000003 /* Build configuration list for PBXNativeTarget "LifeOSTests" */;
			buildPhases = (
				A70000000000000000000002 /* Sources */,
				A30000000000000000000002 /* Frameworks */,
				A80000000000000000000002 /* Resources */,
			);
			buildRules = (
			);
			dependencies = (
				AB0000000000000000000001 /* PBXTargetDependency */,
			);
			name = LifeOSTests;
			productName = LifeOSTests;
			productReference = A20000000000000000000017 /* LifeOSTests.xctest */;
			productType = "com.apple.product-type.bundle.unit-test";
		};
/* End PBXNativeTarget section */

/* Begin PBXProject section */
		A60000000000000000000001 /* Project object */ = {
			isa = PBXProject;
			attributes = {
				BuildIndependentTargetsInParallel = 1;
				LastSwiftUpdateCheck = 1500;
				LastUpgradeCheck = 1500;
				TargetAttributes = {
					A50000000000000000000001 = {
						CreatedOnToolsVersion = 15.0;
						SystemCapabilities = {
							com.apple.BackgroundModes = {
								enabled = 1;
							};
							com.apple.HealthKit = {
								enabled = 1;
							};
						};
					};
					A50000000000000000000002 = {
						CreatedOnToolsVersion = 15.0;
						TestTargetID = A50000000000000000000001;
					};
				};
			};
			buildConfigurationList = A90000000000000000000001 /* Build configuration list for PBXProject "LifeOS" */;
			compatibilityVersion = "Xcode 14.0";
			developmentRegion = en;
			hasScannedForEncodings = 0;
			knownRegions = (
				en,
				Base,
			);
			mainGroup = A40000000000000000000001;
			productRefGroup = A40000000000000000000008 /* Products */;
			projectDirPath = "";
			projectRoot = "";
			targets = (
				A50000000000000000000001 /* LifeOS */,
				A50000000000000000000002 /* LifeOSTests */,
			);
		};
/* End PBXProject section */

/* Begin PBXResourcesBuildPhase section */
		A80000000000000000000001 /* Resources */ = {
			isa = PBXResourcesBuildPhase;
			buildActionMask = 2147483647;
			files = (
			);
			runOnlyForDeploymentPostprocessing = 0;
		};
		A80000000000000000000002 /* Resources */ = {
			isa = PBXResourcesBuildPhase;
			buildActionMask = 2147483647;
			files = (
			);
			runOnlyForDeploymentPostprocessing = 0;
		};
/* End PBXResourcesBuildPhase section */

/* Begin PBXSourcesBuildPhase section */
		A70000000000000000000001 /* Sources */ = {
			isa = PBXSourcesBuildPhase;
			buildActionMask = 2147483647;
			files = (
				A10000000000000000000001 /* LifeOSApp.swift in Sources */,
				A10000000000000000000002 /* HealthData.swift in Sources */,
				A10000000000000000000003 /* FocusData.swift in Sources */,
				A10000000000000000000004 /* CalendarEvent.swift in Sources */,
				A10000000000000000000005 /* JobApplication.swift in Sources */,
				A10000000000000000000016 /* JobApplicationRecord.swift in Sources */,
				A10000000000000000000006 /* ScheduleBlock.swift in Sources */,
				A10000000000000000000007 /* Recommendation.swift in Sources */,
				A10000000000000000000008 /* DailyPlan.swift in Sources */,
				A10000000000000000000017 /* AppleConnection.swift in Sources */,
				A1000000000000000000001F /* WeeklyHealthSummary.swift in Sources */,
				A10000000000000000000020 /* ReminderPreferences.swift in Sources */,
				A10000000000000000000009 /* MockHealthDataManager.swift in Sources */,
				A1000000000000000000000A /* MockFocusDataManager.swift in Sources */,
				A1000000000000000000000B /* MockCalendarManager.swift in Sources */,
				A1000000000000000000000C /* JobApplicationStore.swift in Sources */,
				A10000000000000000000018 /* ApplePermissionManager.swift in Sources */,
				A1000000000000000000001C /* HealthKitDataManager.swift in Sources */,
				A1000000000000000000001D /* EventKitCalendarManager.swift in Sources */,
				A1000000000000000000000D /* DailyPlannerEngine.swift in Sources */,
				A1000000000000000000001E /* NotificationScheduler.swift in Sources */,
				A10000000000000000000021 /* BackgroundRefreshManager.swift in Sources */,
				A1000000000000000000000E /* DashboardViewModel.swift in Sources */,
				A1000000000000000000000F /* RootTabView.swift in Sources */,
				A10000000000000000000010 /* DashboardView.swift in Sources */,
				A10000000000000000000011 /* FocusCoachView.swift in Sources */,
				A10000000000000000000012 /* EnergyInsightsView.swift in Sources */,
				A10000000000000000000013 /* JobSearchView.swift in Sources */,
				A10000000000000000000014 /* SettingsView.swift in Sources */,
				A10000000000000000000019 /* AppleConnectionRow.swift in Sources */,
				A1000000000000000000001A /* OnboardingView.swift in Sources */,
				A1000000000000000000001B /* ConnectionsView.swift in Sources */,
			);
			runOnlyForDeploymentPostprocessing = 0;
		};
		A70000000000000000000002 /* Sources */ = {
			isa = PBXSourcesBuildPhase;
			buildActionMask = 2147483647;
			files = (
				A10000000000000000000015 /* DailyPlannerEngineTests.swift in Sources */,
			);
			runOnlyForDeploymentPostprocessing = 0;
		};
/* End PBXSourcesBuildPhase section */

/* Begin PBXTargetDependency section */
		AB0000000000000000000001 /* PBXTargetDependency */ = {
			isa = PBXTargetDependency;
			target = A50000000000000000000001 /* LifeOS */;
			targetProxy = AA0000000000000000000001 /* PBXContainerItemProxy */;
		};
/* End PBXTargetDependency section */

/* Begin XCBuildConfiguration section */
		A91000000000000000000001 /* Debug */ = {
			isa = XCBuildConfiguration;
			buildSettings = {
				ALWAYS_SEARCH_USER_PATHS = NO;
				CLANG_ANALYZER_NONNULL = YES;
				CLANG_ANALYZER_NUMBER_OBJECT_CONVERSION = YES_AGGRESSIVE;
				CLANG_CXX_LANGUAGE_STANDARD = "gnu++20";
				CLANG_ENABLE_MODULES = YES;
				CLANG_ENABLE_OBJC_ARC = YES;
				CLANG_ENABLE_OBJC_WEAK = YES;
				CLANG_WARN_BLOCK_CAPTURE_AUTORELEASING = YES;
				CLANG_WARN_BOOL_CONVERSION = YES;
				CLANG_WARN_COMMA = YES;
				CLANG_WARN_CONSTANT_CONVERSION = YES;
				CLANG_WARN_DEPRECATED_OBJC_IMPLEMENTATIONS = YES;
				CLANG_WARN_DIRECT_OBJC_ISA_USAGE = YES_ERROR;
				CLANG_WARN_DOCUMENTATION_COMMENTS = YES;
				CLANG_WARN_EMPTY_BODY = YES;
				CLANG_WARN_ENUM_CONVERSION = YES;
				CLANG_WARN_INFINITE_RECURSION = YES;
				CLANG_WARN_INT_CONVERSION = YES;
				CLANG_WARN_NON_LITERAL_NULL_CONVERSION = YES;
				CLANG_WARN_OBJC_IMPLICIT_RETAIN_SELF = YES;
				CLANG_WARN_OBJC_LITERAL_CONVERSION = YES;
				CLANG_WARN_OBJC_ROOT_CLASS = YES_ERROR;
				CLANG_WARN_QUOTED_INCLUDE_IN_FRAMEWORK_HEADER = YES;
				CLANG_WARN_RANGE_LOOP_ANALYSIS = YES;
				CLANG_WARN_STRICT_PROTOTYPES = YES;
				CLANG_WARN_SUSPICIOUS_MOVE = YES;
				CLANG_WARN_UNGUARDED_AVAILABILITY = YES_AGGRESSIVE;
				CLANG_WARN_UNREACHABLE_CODE = YES;
				CLANG_WARN__DUPLICATE_METHOD_MATCH = YES;
				COPY_PHASE_STRIP = NO;
				DEBUG_INFORMATION_FORMAT = dwarf;
				ENABLE_STRICT_OBJC_MSGSEND = YES;
				ENABLE_TESTABILITY = YES;
				ENABLE_USER_SCRIPT_SANDBOXING = YES;
				GCC_C_LANGUAGE_STANDARD = gnu17;
				GCC_DYNAMIC_NO_PIC = NO;
				GCC_NO_COMMON_BLOCKS = YES;
				GCC_OPTIMIZATION_LEVEL = 0;
				GCC_PREPROCESSOR_DEFINITIONS = (
					"DEBUG=1",
					"$(inherited)",
				);
				GCC_WARN_64_TO_32_BIT_CONVERSION = YES;
				GCC_WARN_ABOUT_RETURN_TYPE = YES_ERROR;
				GCC_WARN_UNDECLARED_SELECTOR = YES;
				GCC_WARN_UNINITIALIZED_AUTOS = YES_AGGRESSIVE;
				GCC_WARN_UNUSED_FUNCTION = YES;
				GCC_WARN_UNUSED_VARIABLE = YES;
				IPHONEOS_DEPLOYMENT_TARGET = 17.0;
				MTL_ENABLE_DEBUG_INFO = INCLUDE_SOURCE;
				MTL_FAST_MATH = YES;
				ONLY_ACTIVE_ARCH = YES;
				SDKROOT = iphoneos;
				SWIFT_ACTIVE_COMPILATION_CONDITIONS = DEBUG;
				SWIFT_OPTIMIZATION_LEVEL = "-Onone";
			};
			name = Debug;
		};
		A91000000000000000000002 /* Release */ = {
			isa = XCBuildConfiguration;
			buildSettings = {
				ALWAYS_SEARCH_USER_PATHS = NO;
				CLANG_ANALYZER_NONNULL = YES;
				CLANG_ANALYZER_NUMBER_OBJECT_CONVERSION = YES_AGGRESSIVE;
				CLANG_CXX_LANGUAGE_STANDARD = "gnu++20";
				CLANG_ENABLE_MODULES = YES;
				CLANG_ENABLE_OBJC_ARC = YES;
				CLANG_ENABLE_OBJC_WEAK = YES;
				CLANG_WARN_BLOCK_CAPTURE_AUTORELEASING = YES;
				CLANG_WARN_BOOL_CONVERSION = YES;
				CLANG_WARN_COMMA = YES;
				CLANG_WARN_CONSTANT_CONVERSION = YES;
				CLANG_WARN_DEPRECATED_OBJC_IMPLEMENTATIONS = YES;
				CLANG_WARN_DIRECT_OBJC_ISA_USAGE = YES_ERROR;
				CLANG_WARN_DOCUMENTATION_COMMENTS = YES;
				CLANG_WARN_EMPTY_BODY = YES;
				CLANG_WARN_ENUM_CONVERSION = YES;
				CLANG_WARN_INFINITE_RECURSION = YES;
				CLANG_WARN_INT_CONVERSION = YES;
				CLANG_WARN_NON_LITERAL_NULL_CONVERSION = YES;
				CLANG_WARN_OBJC_IMPLICIT_RETAIN_SELF = YES;
				CLANG_WARN_OBJC_LITERAL_CONVERSION = YES;
				CLANG_WARN_OBJC_ROOT_CLASS = YES_ERROR;
				CLANG_WARN_QUOTED_INCLUDE_IN_FRAMEWORK_HEADER = YES;
				CLANG_WARN_RANGE_LOOP_ANALYSIS = YES;
				CLANG_WARN_STRICT_PROTOTYPES = YES;
				CLANG_WARN_SUSPICIOUS_MOVE = YES;
				CLANG_WARN_UNGUARDED_AVAILABILITY = YES_AGGRESSIVE;
				CLANG_WARN_UNREACHABLE_CODE = YES;
				CLANG_WARN__DUPLICATE_METHOD_MATCH = YES;
				COPY_PHASE_STRIP = NO;
				DEBUG_INFORMATION_FORMAT = "dwarf-with-dsym";
				ENABLE_NS_ASSERTIONS = NO;
				ENABLE_STRICT_OBJC_MSGSEND = YES;
				ENABLE_USER_SCRIPT_SANDBOXING = YES;
				GCC_C_LANGUAGE_STANDARD = gnu17;
				GCC_NO_COMMON_BLOCKS = YES;
				GCC_WARN_64_TO_32_BIT_CONVERSION = YES;
				GCC_WARN_ABOUT_RETURN_TYPE = YES_ERROR;
				GCC_WARN_UNDECLARED_SELECTOR = YES;
				GCC_WARN_UNINITIALIZED_AUTOS = YES_AGGRESSIVE;
				GCC_WARN_UNUSED_FUNCTION = YES;
				GCC_WARN_UNUSED_VARIABLE = YES;
				IPHONEOS_DEPLOYMENT_TARGET = 17.0;
				MTL_ENABLE_DEBUG_INFO = NO;
				MTL_FAST_MATH = YES;
				SDKROOT = iphoneos;
				SWIFT_COMPILATION_MODE = wholemodule;
				SWIFT_OPTIMIZATION_LEVEL = "-O";
				VALIDATE_PRODUCT = YES;
			};
			name = Release;
		};
		A92000000000000000000001 /* Debug */ = {
			isa = XCBuildConfiguration;
			buildSettings = {
				CODE_SIGN_ENTITLEMENTS = LifeOS/LifeOS.entitlements;
				CODE_SIGN_STYLE = Automatic;
				CURRENT_PROJECT_VERSION = 1;
				DEVELOPMENT_TEAM = "";
				GENERATE_INFOPLIST_FILE = NO;
				INFOPLIST_FILE = LifeOS/Info.plist;
				INFOPLIST_KEY_BGTaskSchedulerPermittedIdentifiers = (
					"com.lifeos.mvp.health-refresh",
				);
				INFOPLIST_KEY_CFBundleDisplayName = LifeOS;
				INFOPLIST_KEY_NSCalendarsFullAccessUsageDescription = "LifeOS reads your calendar to include interviews, deadlines, and events in your daily plan.";
				INFOPLIST_KEY_NSCalendarsUsageDescription = "LifeOS reads your calendar to include interviews, deadlines, and events in your daily plan.";
				INFOPLIST_KEY_NSHealthShareUsageDescription = "LifeOS reads health data you approve to estimate energy and suggest a realistic daily plan.";
				INFOPLIST_KEY_UIApplicationSceneManifest_Generation = YES;
				INFOPLIST_KEY_UIApplicationSupportsIndirectInputEvents = YES;
				INFOPLIST_KEY_UIBackgroundModes = fetch;
				INFOPLIST_KEY_UILaunchScreen_Generation = YES;
				INFOPLIST_KEY_UISupportedInterfaceOrientations_iPad = "UIInterfaceOrientationPortrait UIInterfaceOrientationPortraitUpsideDown UIInterfaceOrientationLandscapeLeft UIInterfaceOrientationLandscapeRight";
				INFOPLIST_KEY_UISupportedInterfaceOrientations_iPhone = "UIInterfaceOrientationPortrait UIInterfaceOrientationLandscapeLeft UIInterfaceOrientationLandscapeRight";
				IPHONEOS_DEPLOYMENT_TARGET = 17.0;
				LD_RUNPATH_SEARCH_PATHS = (
					"$(inherited)",
					"@executable_path/Frameworks",
				);
				MARKETING_VERSION = 1.0;
				PRODUCT_BUNDLE_IDENTIFIER = com.lifeos.mvp;
				PRODUCT_NAME = "$(TARGET_NAME)";
				SWIFT_EMIT_LOC_STRINGS = YES;
				SWIFT_VERSION = 5.0;
				TARGETED_DEVICE_FAMILY = "1,2";
			};
			name = Debug;
		};
		A92000000000000000000002 /* Release */ = {
			isa = XCBuildConfiguration;
			buildSettings = {
				CODE_SIGN_ENTITLEMENTS = LifeOS/LifeOS.entitlements;
				CODE_SIGN_STYLE = Automatic;
				CURRENT_PROJECT_VERSION = 1;
				DEVELOPMENT_TEAM = "";
				GENERATE_INFOPLIST_FILE = NO;
				INFOPLIST_FILE = LifeOS/Info.plist;
				INFOPLIST_KEY_BGTaskSchedulerPermittedIdentifiers = (
					"com.lifeos.mvp.health-refresh",
				);
				INFOPLIST_KEY_CFBundleDisplayName = LifeOS;
				INFOPLIST_KEY_NSCalendarsFullAccessUsageDescription = "LifeOS reads your calendar to include interviews, deadlines, and events in your daily plan.";
				INFOPLIST_KEY_NSCalendarsUsageDescription = "LifeOS reads your calendar to include interviews, deadlines, and events in your daily plan.";
				INFOPLIST_KEY_NSHealthShareUsageDescription = "LifeOS reads health data you approve to estimate energy and suggest a realistic daily plan.";
				INFOPLIST_KEY_UIApplicationSceneManifest_Generation = YES;
				INFOPLIST_KEY_UIApplicationSupportsIndirectInputEvents = YES;
				INFOPLIST_KEY_UIBackgroundModes = fetch;
				INFOPLIST_KEY_UILaunchScreen_Generation = YES;
				INFOPLIST_KEY_UISupportedInterfaceOrientations_iPad = "UIInterfaceOrientationPortrait UIInterfaceOrientationPortraitUpsideDown UIInterfaceOrientationLandscapeLeft UIInterfaceOrientationLandscapeRight";
				INFOPLIST_KEY_UISupportedInterfaceOrientations_iPhone = "UIInterfaceOrientationPortrait UIInterfaceOrientationLandscapeLeft UIInterfaceOrientationLandscapeRight";
				IPHONEOS_DEPLOYMENT_TARGET = 17.0;
				LD_RUNPATH_SEARCH_PATHS = (
					"$(inherited)",
					"@executable_path/Frameworks",
				);
				MARKETING_VERSION = 1.0;
				PRODUCT_BUNDLE_IDENTIFIER = com.lifeos.mvp;
				PRODUCT_NAME = "$(TARGET_NAME)";
				SWIFT_EMIT_LOC_STRINGS = YES;
				SWIFT_VERSION = 5.0;
				TARGETED_DEVICE_FAMILY = "1,2";
			};
			name = Release;
		};
		A93000000000000000000001 /* Debug */ = {
			isa = XCBuildConfiguration;
			buildSettings = {
				BUNDLE_LOADER = "$(TEST_HOST)";
				CODE_SIGN_STYLE = Automatic;
				CURRENT_PROJECT_VERSION = 1;
				GENERATE_INFOPLIST_FILE = YES;
				IPHONEOS_DEPLOYMENT_TARGET = 17.0;
				LD_RUNPATH_SEARCH_PATHS = (
					"$(inherited)",
					"@executable_path/Frameworks",
					"@loader_path/Frameworks",
				);
				MARKETING_VERSION = 1.0;
				PRODUCT_BUNDLE_IDENTIFIER = com.lifeos.mvp.tests;
				PRODUCT_NAME = "$(TARGET_NAME)";
				SWIFT_VERSION = 5.0;
				TARGETED_DEVICE_FAMILY = "1,2";
				TEST_HOST = "$(BUILT_PRODUCTS_DIR)/LifeOS.app/$(BUNDLE_EXECUTABLE_FOLDER_PATH)/LifeOS";
				WRAPPER_EXTENSION = xctest;
			};
			name = Debug;
		};
		A93000000000000000000002 /* Release */ = {
			isa = XCBuildConfiguration;
			buildSettings = {
				BUNDLE_LOADER = "$(TEST_HOST)";
				CODE_SIGN_STYLE = Automatic;
				CURRENT_PROJECT_VERSION = 1;
				GENERATE_INFOPLIST_FILE = YES;
				IPHONEOS_DEPLOYMENT_TARGET = 17.0;
				LD_RUNPATH_SEARCH_PATHS = (
					"$(inherited)",
					"@executable_path/Frameworks",
					"@loader_path/Frameworks",
				);
				MARKETING_VERSION = 1.0;
				PRODUCT_BUNDLE_IDENTIFIER = com.lifeos.mvp.tests;
				PRODUCT_NAME = "$(TARGET_NAME)";
				SWIFT_VERSION = 5.0;
				TARGETED_DEVICE_FAMILY = "1,2";
				TEST_HOST = "$(BUILT_PRODUCTS_DIR)/LifeOS.app/$(BUNDLE_EXECUTABLE_FOLDER_PATH)/LifeOS";
				WRAPPER_EXTENSION = xctest;
			};
			name = Release;
		};
/* End XCBuildConfiguration section */

/* Begin XCConfigurationList section */
		A90000000000000000000001 /* Build configuration list for PBXProject "LifeOS" */ = {
			isa = XCConfigurationList;
			buildConfigurations = (
				A91000000000000000000001 /* Debug */,
				A91000000000000000000002 /* Release */,
			);
			defaultConfigurationIsVisible = 0;
			defaultConfigurationName = Release;
		};
		A90000000000000000000002 /* Build configuration list for PBXNativeTarget "LifeOS" */ = {
			isa = XCConfigurationList;
			buildConfigurations = (
				A92000000000000000000001 /* Debug */,
				A92000000000000000000002 /* Release */,
			);
			defaultConfigurationIsVisible = 0;
			defaultConfigurationName = Release;
		};
		A90000000000000000000003 /* Build configuration list for PBXNativeTarget "LifeOSTests" */ = {
			isa = XCConfigurationList;
			buildConfigurations = (
				A93000000000000000000001 /* Debug */,
				A93000000000000000000002 /* Release */,
			);
			defaultConfigurationIsVisible = 0;
			defaultConfigurationName = Release;
		};
/* End XCConfigurationList section */
	};
	rootObject = A60000000000000000000001 /* Project object */;
}
